
Microsoft Visual Studio Solution File, Format Version 12.00
# Visual Studio Version 16
VisualStudioVersion = 16.0.31205.134
MinimumVisualStudioVersion = 10.0.40219.1
Project("{FAE04EC0-301F-11D3-BF4B-00C04F79EFBC}") = "Proje", "Proje\Proje.csproj", "{531B7C0C-8904-4A02-8F3D-50FE5ACD2ADD}"
EndProject
Global
	GlobalSection(SolutionConfigurationPlatforms) = preSolution
		Debug|Any CPU = Debug|Any CPU
		Release|Any CPU = Release|Any CPU
	EndGlobalSection
	GlobalSection(ProjectConfigurationPlatforms) = postSolution
		{531B7C0C-8904-4A02-8F3D-50FE5ACD2ADD}.Debug|Any CPU.ActiveCfg = Debug|Any CPU
		{531B7C0C-8904-4A02-8F3D-50FE5ACD2ADD}.Debug|Any CPU.Build.0 = Debug|Any CPU
		{531B7C0C-8904-4A02-8F3D-50FE5ACD2ADD}.Release|Any CPU.ActiveCfg = Release|Any CPU
		{531B7C0C-8904-4A02-8F3D-50FE5ACD2ADD}.Release|Any CPU.Build.0 = Release|Any CPU
	EndGlobalSection
	GlobalSection(SolutionProperties) = preSolution
		HideSolutionNode = FALSE
	EndGlobalSection
	GlobalSection(ExtensibilityGlobals) = postSolution
		SolutionGuid = {FC879D55-D39E-43D5-B634-69E7BC22C794}
	EndGlobalSection
EndGlobal
